
Microsoft Visual Studio Solution File, Format Version 12.00
# Visual Studio 15
VisualStudioVersion = 15.0.27703.2042
MinimumVisualStudioVersion = 10.0.40219.1
Project("{FAE04EC0-301F-11D3-BF4B-00C04F79EFBC}") = "Capstone4", "Capstone4\Capstone4.csproj", "{C13D05C7-3BE6-43EF-86FD-5055DD1E8C7C}"
EndProject
Global
	GlobalSection(SolutionConfigurationPlatforms) = preSolution
		Debug|Any CPU = Debug|Any CPU
		Release|Any CPU = Release|Any CPU
	EndGlobalSection
	GlobalSection(ProjectConfigurationPlatforms) = postSolution
		{C13D05C7-3BE6-43EF-86FD-5055DD1E8C7C}.Debug|Any CPU.ActiveCfg = Debug|Any CPU
		{C13D05C7-3BE6-43EF-86FD-5055DD1E8C7C}.Debug|Any CPU.Build.0 = Debug|Any CPU
		{C13D05C7-3BE6-43EF-86FD-5055DD1E8C7C}.Release|Any CPU.ActiveCfg = Release|Any CPU
		{C13D05C7-3BE6-43EF-86FD-5055DD1E8C7C}.Release|Any CPU.Build.0 = Release|Any CPU
	EndGlobalSection
	GlobalSection(SolutionProperties) = preSolution
		HideSolutionNode = FALSE
	EndGlobalSection
	GlobalSection(ExtensibilityGlobals) = postSolution
		SolutionGuid = {D033D583-6D17-4D94-B817-0D95D79E9A80}
	EndGlobalSection
EndGlobal
